# THIS IS AN AUTOGENERATED FILE. DO NOT EDIT THIS FILE DIRECTLY.
# yarn lockfile v1


baguettebox.js@^1.11.1:
  version "1.11.1"
  resolved "https://registry.yarnpkg.com/baguettebox.js/-/baguettebox.js-1.11.1.tgz#0a7f586e9e9bbfd3df1022a280fdcfcac6797fb7"
  integrity sha512-0HnUVs+xaqwQOVbfi0kwZnZ1fJNWE5vJLCoCAtgQBtPmOJa1fhN8gubaBFOBGDkQy/vz6PWSr7B3WilhQKjyeQ==
